// !$*UTF8*$!
{
	archiveVersion = 1;
	classes = {
	};
	objectVersion = 50;
	objects = {

/* Begin PBXBuildFile section */
		808398E120F28E8D00DA79E2 /* AppDelegate.swift in Sources */ = {isa = PBXBuildFile; fileRef = 808398E020F28E8D00DA79E2 /* AppDelegate.swift */; };
		808398E820F28E8F00DA79E2 /* Assets.xcassets in Resources */ = {isa = PBXBuildFile; fileRef = 808398E720F28E8F00DA79E2 /* Assets.xcassets */; };
		808398EB20F28E8F00DA79E2 /* LaunchScreen.storyboard in Resources */ = {isa = PBXBuildFile; fileRef = 808398E920F28E8F00DA79E2 /* LaunchScreen.storyboard */; };
		808398F720F28F3800DA79E2 /* MainViewController.swift in Sources */ = {isa = PBXBuildFile; fileRef = 808398F520F28F3800DA79E2 /* MainViewController.swift */; };
		808398F820F28F3800DA79E2 /* MainViewController.xib in Resources */ = {isa = PBXBuildFile; fileRef = 808398F620F28F3800DA79E2 /* MainViewController.xib */; };
		8083990220F2952E00DA79E2 /* SecondTestController.swift in Sources */ = {isa = PBXBuildFile; fileRef = 8083990020F2952E00DA79E2 /* SecondTestController.swift */; };
		8083990320F2952E00DA79E2 /* SecondTestController.xib in Resources */ = {isa = PBXBuildFile; fileRef = 8083990120F2952E00DA79E2 /* SecondTestController.xib */; };
		8083990620F295B300DA79E2 /* MainTabBarController.swift in Sources */ = {isa = PBXBuildFile; fileRef = 8083990420F295B300DA79E2 /* MainTabBarController.swift */; };
		80E63E3120FB7F3D0038685D /* Main.storyboard in Resources */ = {isa = PBXBuildFile; fileRef = 80E63E3020FB7F3D0038685D /* Main.storyboard */; };
		80E63E3420FEA13A0038685D /* TableViewController.swift in Sources */ = {isa = PBXBuildFile; fileRef = 80E63E3220FEA13A0038685D /* TableViewController.swift */; };
		80E63E3520FEA13A0038685D /* TableViewController.xib in Resources */ = {isa = PBXBuildFile; fileRef = 80E63E3320FEA13A0038685D /* TableViewController.xib */; };
/* End PBXBuildFile section */

/* Begin PBXFileReference section */
		808398DD20F28E8D00DA79E2 /* NavigationLecture3.app */ = {isa = PBXFileReference; explicitFileType = wrapper.application; includeInIndex = 0; path = NavigationLecture3.app; sourceTree = BUILT_PRODUCTS_DIR; };
		808398E020F28E8D00DA79E2 /* AppDelegate.swift */ = {isa = PBXFileReference; lastKnownFileType = sourcecode.swift; path = AppDelegate.swift; sourceTree = "<group>"; };
		808398E720F28E8F00DA79E2 /* Assets.xcassets */ = {isa = PBXFileReference; lastKnownFileType = folder.assetcatalog; path = Assets.xcassets; sourceTree = "<group>"; };
		808398EA20F28E8F00DA79E2 /* Base */ = {isa = PBXFileReference; lastKnownFileType = file.storyboard; name = Base; path = Base.lproj/LaunchScreen.storyboard; sourceTree = "<group>"; };
		808398EC20F28E8F00DA79E2 /* Info.plist */ = {isa = PBXFileReference; lastKnownFileType = text.plist.xml; path = Info.plist; sourceTree = "<group>"; };
		808398F520F28F3800DA79E2 /* MainViewController.swift */ = {isa = PBXFileReference; lastKnownFileType = sourcecode.swift; path = MainViewController.swift; sourceTree = "<group>"; };
		808398F620F28F3800DA79E2 /* MainViewController.xib */ = {isa = PBXFileReference; lastKnownFileType = file.xib; path = MainViewController.xib; sourceTree = "<group>"; };
		8083990020F2952E00DA79E2 /* SecondTestController.swift */ = {isa = PBXFileReference; lastKnownFileType = sourcecode.swift; path = SecondTestController.swift; sourceTree = "<group>"; };
		8083990120F2952E00DA79E2 /* SecondTestController.xib */ = {isa = PBXFileReference; lastKnownFileType = file.xib; path = SecondTestController.xib; sourceTree = "<group>"; };
		8083990420F295B300DA79E2 /* MainTabBarController.swift */ = {isa = PBXFileReference; lastKnownFileType = sourcecode.swift; path = MainTabBarController.swift; sourceTree = "<group>"; };
		80E63E3020FB7F3D0038685D /* Main.storyboard */ = {isa = PBXFileReference; lastKnownFileType = file.storyboard; path = Main.storyboard; sourceTree = "<group>"; };
		80E63E3220FEA13A0038685D /* TableViewController.swift */ = {isa = PBXFileReference; lastKnownFileType = sourcecode.swift; path = TableViewController.swift; sourceTree = "<group>"; };
		80E63E3320FEA13A0038685D /* TableViewController.xib */ = {isa = PBXFileReference; lastKnownFileType = file.xib; path = TableViewController.xib; sourceTree = "<group>"; };
/* End PBXFileReference section */

/* Begin PBXFrameworksBuildPhase section */
		808398DA20F28E8D00DA79E2 /* Frameworks */ = {
			isa = PBXFrameworksBuildPhase;
			buildActionMask = 2147483647;
			files = (
			);
			runOnlyForDeploymentPostprocessing = 0;
		};
/* End PBXFrameworksBuildPhase section */

/* Begin PBXGroup section */
		808398D420F28E8D00DA79E2 = {
			isa = PBXGroup;
			children = (
				808398DF20F28E8D00DA79E2 /* NavigationLecture3 */,
				808398DE20F28E8D00DA79E2 /* Products */,
			);
			sourceTree = "<group>";
		};
		808398DE20F28E8D00DA79E2 /* Products */ = {
			isa = PBXGroup;
			children = (
				808398DD20F28E8D00DA79E2 /* NavigationLecture3.app */,
			);
			name = Products;
			sourceTree = "<group>";
		};
		808398DF20F28E8D00DA79E2 /* NavigationLecture3 */ = {
			isa = PBXGroup;
			children = (
				808398F320F28F1500DA79E2 /* Screens */,
				808398E020F28E8D00DA79E2 /* AppDelegate.swift */,
				808398E720F28E8F00DA79E2 /* Assets.xcassets */,
				808398E920F28E8F00DA79E2 /* LaunchScreen.storyboard */,
				808398EC20F28E8F00DA79E2 /* Info.plist */,
				80E63E3020FB7F3D0038685D /* Main.storyboard */,
			);
			path = NavigationLecture3;
			sourceTree = "<group>";
		};
		808398F320F28F1500DA79E2 /* Screens */ = {
			isa = PBXGroup;
			children = (
				808398FF20F2950A00DA79E2 /* SecondTestController */,
				808398FE20F294F800DA79E2 /* MainTabBarController */,
				808398F920F2944400DA79E2 /* TableVeiwController */,
				808398F420F28F2000DA79E2 /* MainViewController */,
			);
			path = Screens;
			sourceTree = "<group>";
		};
		808398F420F28F2000DA79E2 /* MainViewController */ = {
			isa = PBXGroup;
			children = (
				808398F520F28F3800DA79E2 /* MainViewController.swift */,
				808398F620F28F3800DA79E2 /* MainViewController.xib */,
			);
			path = MainViewController;
			sourceTree = "<group>";
		};
		808398F920F2944400DA79E2 /* TableVeiwController */ = {
			isa = PBXGroup;
			children = (
				80E63E3620FEA2460038685D /* Cells */,
				80E63E3220FEA13A0038685D /* TableViewController.swift */,
				80E63E3320FEA13A0038685D /* TableViewController.xib */,
			);
			path = TableVeiwController;
			sourceTree = "<group>";
		};
		808398FE20F294F800DA79E2 /* MainTabBarController */ = {
			isa = PBXGroup;
			children = (
				8083990420F295B300DA79E2 /* MainTabBarController.swift */,
			);
			path = MainTabBarController;
			sourceTree = "<group>";
		};
		808398FF20F2950A00DA79E2 /* SecondTestController */ = {
			isa = PBXGroup;
			children = (
				8083990020F2952E00DA79E2 /* SecondTestController.swift */,
				8083990120F2952E00DA79E2 /* SecondTestController.xib */,
			);
			path = SecondTestController;
			sourceTree = "<group>";
		};
		80E63E3620FEA2460038685D /* Cells */ = {
			isa = PBXGroup;
			children = (
			);
			path = Cells;
			sourceTree = "<group>";
		};
/* End PBXGroup section */

/* Begin PBXNativeTarget section */
		808398DC20F28E8D00DA79E2 /* NavigationLecture3 */ = {
			isa = PBXNativeTarget;
			buildConfigurationList = 808398EF20F28E8F00DA79E2 /* Build configuration list for PBXNativeTarget "NavigationLecture3" */;
			buildPhases = (
				808398D920F28E8D00DA79E2 /* Sources */,
				808398DA20F28E8D00DA79E2 /* Frameworks */,
				808398DB20F28E8D00DA79E2 /* Resources */,
			);
			buildRules = (
			);
			dependencies = (
			);
			name = NavigationLecture3;
			productName = NavigationLecture3;
			productReference = 808398DD20F28E8D00DA79E2 /* NavigationLecture3.app */;
			productType = "com.apple.product-type.application";
		};
/* End PBXNativeTarget section */

/* Begin PBXProject section */
		808398D520F28E8D00DA79E2 /* Project object */ = {
			isa = PBXProject;
			attributes = {
				LastSwiftUpdateCheck = 0940;
				LastUpgradeCheck = 0940;
				ORGANIZATIONNAME = "Vlad Krupenko";
				TargetAttributes = {
					808398DC20F28E8D00DA79E2 = {
						CreatedOnToolsVersion = 9.4.1;
					};
				};
			};
			buildConfigurationList = 808398D820F28E8D00DA79E2 /* Build configuration list for PBXProject "NavigationLecture3" */;
			compatibilityVersion = "Xcode 9.3";
			developmentRegion = en;
			hasScannedForEncodings = 0;
			knownRegions = (
				en,
				Base,
			);
			mainGroup = 808398D420F28E8D00DA79E2;
			productRefGroup = 808398DE20F28E8D00DA79E2 /* Products */;
			projectDirPath = "";
			projectRoot = "";
			targets = (
				808398DC20F28E8D00DA79E2 /* NavigationLecture3 */,
			);
		};
/* End PBXProject section */

/* Begin PBXResourcesBuildPhase section */
		808398DB20F28E8D00DA79E2 /* Resources */ = {
			isa = PBXResourcesBuildPhase;
			buildActionMask = 2147483647;
			files = (
				808398EB20F28E8F00DA79E2 /* LaunchScreen.storyboard in Resources */,
				808398F820F28F3800DA79E2 /* MainViewController.xib in Resources */,
				808398E820F28E8F00DA79E2 /* Assets.xcassets in Resources */,
				80E63E3520FEA13A0038685D /* TableViewController.xib in Resources */,
				80E63E3120FB7F3D0038685D /* Main.storyboard in Resources */,
				8083990320F2952E00DA79E2 /* SecondTestController.xib in Resources */,
			);
			runOnlyForDeploymentPostprocessing = 0;
		};
/* End PBXResourcesBuildPhase section */

/* Begin PBXSourcesBuildPhase section */
		808398D920F28E8D00DA79E2 /* Sources */ = {
			isa = PBXSourcesBuildPhase;
			buildActionMask = 2147483647;
			files = (
				808398E120F28E8D00DA79E2 /* AppDelegate.swift in Sources */,
				8083990220F2952E00DA79E2 /* SecondTestController.swift in Sources */,
				8083990620F295B300DA79E2 /* MainTabBarController.swift in Sources */,
				80E63E3420FEA13A0038685D /* TableViewController.swift in Sources */,
				808398F720F28F3800DA79E2 /* MainViewController.swift in Sources */,
			);
			runOnlyForDeploymentPostprocessing = 0;
		};
/* End PBXSourcesBuildPhase section */

/* Begin PBXVariantGroup section */
		808398E920F28E8F00DA79E2 /* LaunchScreen.storyboard */ = {
			isa = PBXVariantGroup;
			children = (
				808398EA20F28E8F00DA79E2 /* Base */,
			);
			name = LaunchScreen.storyboard;
			sourceTree = "<group>";
		};
/* End PBXVariantGroup section */

/* Begin XCBuildConfiguration section */
		808398ED20F28E8F00DA79E2 /* Debug */ = {
			isa = XCBuildConfiguration;
			buildSettings = {
				ALWAYS_SEARCH_USER_PATHS = NO;
				CLANG_ANALYZER_NONNULL = YES;
				CLANG_ANALYZER_NUMBER_OBJECT_CONVERSION = YES_AGGRESSIVE;
				CLANG_CXX_LANGUAGE_STANDARD = "gnu++14";
				CLANG_CXX_LIBRARY = "libc++";
				CLANG_ENABLE_MODULES = YES;
				CLANG_ENABLE_OBJC_ARC = YES;
				CLANG_ENABLE_OBJC_WEAK = YES;
				CLANG_WARN_BLOCK_CAPTURE_AUTORELEASING = YES;
				CLANG_WARN_BOOL_CONVERSION = YES;
				CLANG_WARN_COMMA = YES;
				CLANG_WARN_CONSTANT_CONVERSION = YES;
				CLANG_WARN_DEPRECATED_OBJC_IMPLEMENTATIONS = YES;
				CLANG_WARN_DIRECT_OBJC_ISA_USAGE = YES_ERROR;
				CLANG_WARN_DOCUMENTATION_COMMENTS = YES;
				CLANG_WARN_EMPTY_BODY = YES;
				CLANG_WARN_ENUM_CONVERSION = YES;
				CLANG_WARN_INFINITE_RECURSION = YES;
				CLANG_WARN_INT_CONVERSION = YES;
				CLANG_WARN_NON_LITERAL_NULL_CONVERSION = YES;
				CLANG_WARN_OBJC_IMPLICIT_RETAIN_SELF = YES;
				CLANG_WARN_OBJC_LITERAL_CONVERSION = YES;
				CLANG_WARN_OBJC_ROOT_CLASS = YES_ERROR;
				CLANG_WARN_RANGE_LOOP_ANALYSIS = YES;
				CLANG_WARN_STRICT_PROTOTYPES = YES;
				CLANG_WARN_SUSPICIOUS_MOVE = YES;
				CLANG_WARN_UNGUARDED_AVAILABILITY = YES_AGGRESSIVE;
				CLANG_WARN_UNREACHABLE_CODE = YES;
				CLANG_WARN__DUPLICATE_METHOD_MATCH = YES;
				CODE_SIGN_IDENTITY = "iPhone Developer";
				COPY_PHASE_STRIP = NO;
				DEBUG_INFORMATION_FORMAT = dwarf;
				ENABLE_STRICT_OBJC_MSGSEND = YES;
				ENABLE_TESTABILITY = YES;
				GCC_C_LANGUAGE_STANDARD = gnu11;
				GCC_DYNAMIC_NO_PIC = NO;
				GCC_NO_COMMON_BLOCKS = YES;
				GCC_OPTIMIZATION_LEVEL = 0;
				GCC_PREPROCESSOR_DEFINITIONS = (
					"DEBUG=1",
					"$(inherited)",
				);
				GCC_WARN_64_TO_32_BIT_CONVERSION = YES;
				GCC_WARN_ABOUT_RETURN_TYPE = YES_ERROR;
				GCC_WARN_UNDECLARED_SELECTOR = YES;
				GCC_WARN_UNINITIALIZED_AUTOS = YES_AGGRESSIVE;
				GCC_WARN_UNUSED_FUNCTION = YES;
				GCC_WARN_UNUSED_VARIABLE = YES;
				IPHONEOS_DEPLOYMENT_TARGET = 11.4;
				MTL_ENABLE_DEBUG_INFO = YES;
				ONLY_ACTIVE_ARCH = YES;
				SDKROOT = iphoneos;
				SWIFT_ACTIVE_COMPILATION_CONDITIONS = DEBUG;
				SWIFT_OPTIMIZATION_LEVEL = "-Onone";
			};
			name = Debug;
		};
		808398EE20F28E8F00DA79E2 /* Release */ = {
			isa = XCBuildConfiguration;
			buildSettings = {
				ALWAYS_SEARCH_USER_PATHS = NO;
				CLANG_ANALYZER_NONNULL = YES;
				CLANG_ANALYZER_NUMBER_OBJECT_CONVERSION = YES_AGGRESSIVE;
				CLANG_CXX_LANGUAGE_STANDARD = "gnu++14";
				CLANG_CXX_LIBRARY = "libc++";
				CLANG_ENABLE_MODULES = YES;
				CLANG_ENABLE_OBJC_ARC = YES;
				CLANG_ENABLE_OBJC_WEAK = YES;
				CLANG_WARN_BLOCK_CAPTURE_AUTORELEASING = YES;
				CLANG_WARN_BOOL_CONVERSION = YES;
				CLANG_WARN_COMMA = YES;
				CLANG_WARN_CONSTANT_CONVERSION = YES;
				CLANG_WARN_DEPRECATED_OBJC_IMPLEMENTATIONS = YES;
				CLANG_WARN_DIRECT_OBJC_ISA_USAGE = YES_ERROR;
				CLANG_WARN_DOCUMENTATION_COMMENTS = YES;
				CLANG_WARN_EMPTY_BODY = YES;
				CLANG_WARN_ENUM_CONVERSION = YES;
				CLANG_WARN_INFINITE_RECURSION = YES;
				CLANG_WARN_INT_CONVERSION = YES;
				CLANG_WARN_NON_LITERAL_NULL_CONVERSION = YES;
				CLANG_WARN_OBJC_IMPLICIT_RETAIN_SELF = YES;
				CLANG_WARN_OBJC_LITERAL_CONVERSION = YES;
				CLANG_WARN_OBJC_ROOT_CLASS = YES_ERROR;
				CLANG_WARN_RANGE_LOOP_ANALYSIS = YES;
				CLANG_WARN_STRICT_PROTOTYPES = YES;
				CLANG_WARN_SUSPICIOUS_MOVE = YES;
				CLANG_WARN_UNGUARDED_AVAILABILITY = YES_AGGRESSIVE;
				CLANG_WARN_UNREACHABLE_CODE = YES;
				CLANG_WARN__DUPLICATE_METHOD_MATCH = YES;
				CODE_SIGN_IDENTITY = "iPhone Developer";
				COPY_PHASE_STRIP = NO;
				DEBUG_INFORMATION_FORMAT = "dwarf-with-dsym";
				ENABLE_NS_ASSERTIONS = NO;
				ENABLE_STRICT_OBJC_MSGSEND = YES;
				GCC_C_LANGUAGE_STANDARD = gnu11;
				GCC_NO_COMMON_BLOCKS = YES;
				GCC_WARN_64_TO_32_BIT_CONVERSION = YES;
				GCC_WARN_ABOUT_RETURN_TYPE = YES_ERROR;
				GCC_WARN_UNDECLARED_SELECTOR = YES;
				GCC_WARN_UNINITIALIZED_AUTOS = YES_AGGRESSIVE;
				GCC_WARN_UNUSED_FUNCTION = YES;
				GCC_WARN_UNUSED_VARIABLE = YES;
				IPHONEOS_DEPLOYMENT_TARGET = 11.4;
				MTL_ENABLE_DEBUG_INFO = NO;
				SDKROOT = iphoneos;
				SWIFT_COMPILATION_MODE = wholemodule;
				SWIFT_OPTIMIZATION_LEVEL = "-O";
				VALIDATE_PRODUCT = YES;
			};
			name = Release;
		};
		808398F020F28E8F00DA79E2 /* Debug */ = {
			isa = XCBuildConfiguration;
			buildSettings = {
				ASSETCATALOG_COMPILER_APPICON_NAME = AppIcon;
				CODE_SIGN_STYLE = Automatic;
				DEVELOPMENT_TEAM = B9639RHZFT;
				INFOPLIST_FILE = NavigationLecture3/Info.plist;
				IPHONEOS_DEPLOYMENT_TARGET = 11.0;
				LD_RUNPATH_SEARCH_PATHS = (
					"$(inherited)",
					"@executable_path/Frameworks",
				);
				PRODUCT_BUNDLE_IDENTIFIER = com.SurfStudio.NavigationLecture3;
				PRODUCT_NAME = "$(TARGET_NAME)";
				SWIFT_VERSION = 4.0;
				TARGETED_DEVICE_FAMILY = "1,2";
			};
			name = Debug;
		};
		808398F120F28E8F00DA79E2 /* Release */ = {
			isa = XCBuildConfiguration;
			buildSettings = {
				ASSETCATALOG_COMPILER_APPICON_NAME = AppIcon;
				CODE_SIGN_STYLE = Automatic;
				DEVELOPMENT_TEAM = B9639RHZFT;
				INFOPLIST_FILE = NavigationLecture3/Info.plist;
				IPHONEOS_DEPLOYMENT_TARGET = 11.0;
				LD_RUNPATH_SEARCH_PATHS = (
					"$(inherited)",
					"@executable_path/Frameworks",
				);
				PRODUCT_BUNDLE_IDENTIFIER = com.SurfStudio.NavigationLecture3;
				PRODUCT_NAME = "$(TARGET_NAME)";
				SWIFT_VERSION = 4.0;
				TARGETED_DEVICE_FAMILY = "1,2";
			};
			name = Release;
		};
/* End XCBuildConfiguration section */

/* Begin XCConfigurationList section */
		808398D820F28E8D00DA79E2 /* Build configuration list for PBXProject "NavigationLecture3" */ = {
			isa = XCConfigurationList;
			buildConfigurations = (
				808398ED20F28E8F00DA79E2 /* Debug */,
				808398EE20F28E8F00DA79E2 /* Release */,
			);
			defaultConfigurationIsVisible = 0;
			defaultConfigurationName = Release;
		};
		808398EF20F28E8F00DA79E2 /* Build configuration list for PBXNativeTarget "NavigationLecture3" */ = {
			isa = XCConfigurationList;
			buildConfigurations = (
				808398F020F28E8F00DA79E2 /* Debug */,
				808398F120F28E8F00DA79E2 /* Release */,
			);
			defaultConfigurationIsVisible = 0;
			defaultConfigurationName = Release;
		};
/* End XCConfigurationList section */
	};
	rootObject = 808398D520F28E8D00DA79E2 /* Project object */;
}
